
Microsoft Visual Studio Solution File, Format Version 12.00
# Visual Studio Version 17
VisualStudioVersion = 17.5.33402.96
MinimumVisualStudioVersion = 10.0.40219.1
Project("{888888A0-9F3D-457C-B088-3A5042F75D52}") = "MaturaProject", "MaturaProject.pyproj", "{1AAA5866-1BC5-4A74-8F51-0E171826335C}"
EndProject
Global
	GlobalSection(SolutionConfigurationPlatforms) = preSolution
		Debug|Any CPU = Debug|Any CPU
		Release|Any CPU = Release|Any CPU
	EndGlobalSection
	GlobalSection(ProjectConfigurationPlatforms) = postSolution
		{1AAA5866-1BC5-4A74-8F51-0E171826335C}.Debug|Any CPU.ActiveCfg = Debug|Any CPU
		{1AAA5866-1BC5-4A74-8F51-0E171826335C}.Release|Any CPU.ActiveCfg = Release|Any CPU
	EndGlobalSection
	GlobalSection(SolutionProperties) = preSolution
		HideSolutionNode = FALSE
	EndGlobalSection
	GlobalSection(ExtensibilityGlobals) = postSolution
		SolutionGuid = {4D84ADA4-A8AB-4FA8-8CD1-39E0970966BC}
	EndGlobalSection
EndGlobal
